
Microsoft Visual Studio Solution File, Format Version 12.00
# Visual Studio Version 16
VisualStudioVersion = 16.0.30804.86
MinimumVisualStudioVersion = 10.0.40219.1
Project("{FAE04EC0-301F-11D3-BF4B-00C04F79EFBC}") = "KSAGrinder", "KSAGrinder\KSAGrinder.csproj", "{D15B0955-693C-45BA-9302-D8B8C7A8DF30}"
EndProject
Global
	GlobalSection(SolutionConfigurationPlatforms) = preSolution
		Debug|Any CPU = Debug|Any CPU
		Release|Any CPU = Release|Any CPU
	EndGlobalSection
	GlobalSection(ProjectConfigurationPlatforms) = postSolution
		{D15B0955-693C-45BA-9302-D8B8C7A8DF30}.Debug|Any CPU.ActiveCfg = Debug|Any CPU
		{D15B0955-693C-45BA-9302-D8B8C7A8DF30}.Debug|Any CPU.Build.0 = Debug|Any CPU
		{D15B0955-693C-45BA-9302-D8B8C7A8DF30}.Release|Any CPU.ActiveCfg = Release|Any CPU
		{D15B0955-693C-45BA-9302-D8B8C7A8DF30}.Release|Any CPU.Build.0 = Release|Any CPU
	EndGlobalSection
	GlobalSection(SolutionProperties) = preSolution
		HideSolutionNode = FALSE
	EndGlobalSection
	GlobalSection(ExtensibilityGlobals) = postSolution
		SolutionGuid = {8786DA4A-45EB-4A5C-B10B-5FB9756F266D}
	EndGlobalSection
EndGlobal
